// !$*UTF8*$!
{
	archiveVersion = 1;
	classes = {
	};
	objectVersion = 50;
	objects = {

/* Begin PBXBuildFile section */
		7CCD585920761C0E00AD3566 /* AppDelegate.swift in Sources */ = {isa = PBXBuildFile; fileRef = 7CCD585820761C0E00AD3566 /* AppDelegate.swift */; };
		7CCD585E20761C0E00AD3566 /* Main.storyboard in Resources */ = {isa = PBXBuildFile; fileRef = 7CCD585C20761C0E00AD3566 /* Main.storyboard */; };
		7CCD586020761C1000AD3566 /* Assets.xcassets in Resources */ = {isa = PBXBuildFile; fileRef = 7CCD585F20761C1000AD3566 /* Assets.xcassets */; };
		7CCD586320761C1000AD3566 /* LaunchScreen.storyboard in Resources */ = {isa = PBXBuildFile; fileRef = 7CCD586120761C1000AD3566 /* LaunchScreen.storyboard */; };
		CB8268902076943600DDC995 /* Storyboards.swift in Sources */ = {isa = PBXBuildFile; fileRef = CB82688E2076943600DDC995 /* Storyboards.swift */; };
		CB8268912076943600DDC995 /* ReusableView.swift in Sources */ = {isa = PBXBuildFile; fileRef = CB82688F2076943600DDC995 /* ReusableView.swift */; };
		CB8268952076944500DDC995 /* ModuleInput.swift in Sources */ = {isa = PBXBuildFile; fileRef = CB8268932076944500DDC995 /* ModuleInput.swift */; };
		CB8268962076944500DDC995 /* ModuleInputHolder.swift in Sources */ = {isa = PBXBuildFile; fileRef = CB8268942076944500DDC995 /* ModuleInputHolder.swift */; };
		CB82689A2076944D00DDC995 /* ArrayResult.swift in Sources */ = {isa = PBXBuildFile; fileRef = CB8268982076944D00DDC995 /* ArrayResult.swift */; };
		CB82689B2076944D00DDC995 /* Result.swift in Sources */ = {isa = PBXBuildFile; fileRef = CB8268992076944D00DDC995 /* Result.swift */; };
		CB82689F2076945300DDC995 /* CommonAlertsFactoryImpl.swift in Sources */ = {isa = PBXBuildFile; fileRef = CB82689D2076945300DDC995 /* CommonAlertsFactoryImpl.swift */; };
		CB8268A02076945300DDC995 /* CommonAlertsFactory.swift in Sources */ = {isa = PBXBuildFile; fileRef = CB82689E2076945300DDC995 /* CommonAlertsFactory.swift */; };
		CB8268A92076991100DDC995 /* SettingsViewController.swift in Sources */ = {isa = PBXBuildFile; fileRef = CB8268A82076991100DDC995 /* SettingsViewController.swift */; };
		CB8268AB2076993500DDC995 /* SettingsViewInput.swift in Sources */ = {isa = PBXBuildFile; fileRef = CB8268AA2076993500DDC995 /* SettingsViewInput.swift */; };
		CB8268AD2076994A00DDC995 /* SettingsViewOutput.swift in Sources */ = {isa = PBXBuildFile; fileRef = CB8268AC2076994A00DDC995 /* SettingsViewOutput.swift */; };
		CB8268AF2076996300DDC995 /* SettingsPresenter.swift in Sources */ = {isa = PBXBuildFile; fileRef = CB8268AE2076996300DDC995 /* SettingsPresenter.swift */; };
		CB8268B12076997600DDC995 /* SettingsInteractor.swift in Sources */ = {isa = PBXBuildFile; fileRef = CB8268B02076997600DDC995 /* SettingsInteractor.swift */; };
		CB8268B32076998D00DDC995 /* SettingsInteractorInput.swift in Sources */ = {isa = PBXBuildFile; fileRef = CB8268B22076998D00DDC995 /* SettingsInteractorInput.swift */; };
		CB8268B5207699A600DDC995 /* SettingsInteractorOutput.swift in Sources */ = {isa = PBXBuildFile; fileRef = CB8268B4207699A600DDC995 /* SettingsInteractorOutput.swift */; };
		CB8268B7207699B900DDC995 /* SettingsRouter.swift in Sources */ = {isa = PBXBuildFile; fileRef = CB8268B6207699B900DDC995 /* SettingsRouter.swift */; };
		CB8268B9207699CA00DDC995 /* SettingsRouterInput.swift in Sources */ = {isa = PBXBuildFile; fileRef = CB8268B8207699CA00DDC995 /* SettingsRouterInput.swift */; };
		CB8268BC207699E100DDC995 /* SettingsConfigurator.swift in Sources */ = {isa = PBXBuildFile; fileRef = CB8268BB207699E100DDC995 /* SettingsConfigurator.swift */; };
		CB8268BE20769A0900DDC995 /* SettingsInitializer.swift in Sources */ = {isa = PBXBuildFile; fileRef = CB8268BD20769A0900DDC995 /* SettingsInitializer.swift */; };
		CB8268E72076C61800DDC995 /* MediaTypeViewController.swift in Sources */ = {isa = PBXBuildFile; fileRef = CB8268E62076C61800DDC995 /* MediaTypeViewController.swift */; };
		CB8268E92076C66C00DDC995 /* MediaTypeViewInput.swift in Sources */ = {isa = PBXBuildFile; fileRef = CB8268E82076C66C00DDC995 /* MediaTypeViewInput.swift */; };
		CB8268EB2076C68500DDC995 /* MediaTypeViewOutput.swift in Sources */ = {isa = PBXBuildFile; fileRef = CB8268EA2076C68500DDC995 /* MediaTypeViewOutput.swift */; };
		CB8268ED2076C8B600DDC995 /* MediaTypePresenter.swift in Sources */ = {isa = PBXBuildFile; fileRef = CB8268EC2076C8B600DDC995 /* MediaTypePresenter.swift */; };
		CB8268EF2076C8F300DDC995 /* MediaTypeInteractor.swift in Sources */ = {isa = PBXBuildFile; fileRef = CB8268EE2076C8F300DDC995 /* MediaTypeInteractor.swift */; };
		CB8268F12076C90700DDC995 /* MediaTypeInteractorInput.swift in Sources */ = {isa = PBXBuildFile; fileRef = CB8268F02076C90700DDC995 /* MediaTypeInteractorInput.swift */; };
		CB8268F32076C92800DDC995 /* MediaTypeInteractorOutput.swift in Sources */ = {isa = PBXBuildFile; fileRef = CB8268F22076C92800DDC995 /* MediaTypeInteractorOutput.swift */; };
		CB8268F62076C9C200DDC995 /* MediaTypeRouter.swift in Sources */ = {isa = PBXBuildFile; fileRef = CB8268F52076C9C200DDC995 /* MediaTypeRouter.swift */; };
		CB8268F82076C9D900DDC995 /* MediaTypeRouterInput.swift in Sources */ = {isa = PBXBuildFile; fileRef = CB8268F72076C9D900DDC995 /* MediaTypeRouterInput.swift */; };
		CB8268FA2076CD0B00DDC995 /* MediaTypeInitializer.swift in Sources */ = {isa = PBXBuildFile; fileRef = CB8268F92076CD0B00DDC995 /* MediaTypeInitializer.swift */; };
		CB8268FC2076CD6A00DDC995 /* MediaTypeConfigurator.swift in Sources */ = {isa = PBXBuildFile; fileRef = CB8268FB2076CD6A00DDC995 /* MediaTypeConfigurator.swift */; };
		CB8268FE2076D30800DDC995 /* MediaTypes.swift in Sources */ = {isa = PBXBuildFile; fileRef = CB8268FD2076D30800DDC995 /* MediaTypes.swift */; };
/* End PBXBuildFile section */

/* Begin PBXFileReference section */
		7CCD585520761C0E00AD3566 /* ItunesSearchTests.app */ = {isa = PBXFileReference; explicitFileType = wrapper.application; includeInIndex = 0; path = ItunesSearchTests.app; sourceTree = BUILT_PRODUCTS_DIR; };
		7CCD585820761C0E00AD3566 /* AppDelegate.swift */ = {isa = PBXFileReference; lastKnownFileType = sourcecode.swift; path = AppDelegate.swift; sourceTree = "<group>"; };
		7CCD585D20761C0E00AD3566 /* Base */ = {isa = PBXFileReference; lastKnownFileType = file.storyboard; name = Base; path = Base.lproj/Main.storyboard; sourceTree = "<group>"; };
		7CCD585F20761C1000AD3566 /* Assets.xcassets */ = {isa = PBXFileReference; lastKnownFileType = folder.assetcatalog; path = Assets.xcassets; sourceTree = "<group>"; };
		7CCD586220761C1000AD3566 /* Base */ = {isa = PBXFileReference; lastKnownFileType = file.storyboard; name = Base; path = Base.lproj/LaunchScreen.storyboard; sourceTree = "<group>"; };
		7CCD586420761C1000AD3566 /* Info.plist */ = {isa = PBXFileReference; lastKnownFileType = text.plist.xml; path = Info.plist; sourceTree = "<group>"; };
		CB82688E2076943600DDC995 /* Storyboards.swift */ = {isa = PBXFileReference; fileEncoding = 4; lastKnownFileType = sourcecode.swift; path = Storyboards.swift; sourceTree = "<group>"; };
		CB82688F2076943600DDC995 /* ReusableView.swift */ = {isa = PBXFileReference; fileEncoding = 4; lastKnownFileType = sourcecode.swift; path = ReusableView.swift; sourceTree = "<group>"; };
		CB8268932076944500DDC995 /* ModuleInput.swift */ = {isa = PBXFileReference; fileEncoding = 4; lastKnownFileType = sourcecode.swift; path = ModuleInput.swift; sourceTree = "<group>"; };
		CB8268942076944500DDC995 /* ModuleInputHolder.swift */ = {isa = PBXFileReference; fileEncoding = 4; lastKnownFileType = sourcecode.swift; path = ModuleInputHolder.swift; sourceTree = "<group>"; };
		CB8268982076944D00DDC995 /* ArrayResult.swift */ = {isa = PBXFileReference; fileEncoding = 4; lastKnownFileType = sourcecode.swift; path = ArrayResult.swift; sourceTree = "<group>"; };
		CB8268992076944D00DDC995 /* Result.swift */ = {isa = PBXFileReference; fileEncoding = 4; lastKnownFileType = sourcecode.swift; path = Result.swift; sourceTree = "<group>"; };
		CB82689D2076945300DDC995 /* CommonAlertsFactoryImpl.swift */ = {isa = PBXFileReference; fileEncoding = 4; lastKnownFileType = sourcecode.swift; path = CommonAlertsFactoryImpl.swift; sourceTree = "<group>"; };
		CB82689E2076945300DDC995 /* CommonAlertsFactory.swift */ = {isa = PBXFileReference; fileEncoding = 4; lastKnownFileType = sourcecode.swift; path = CommonAlertsFactory.swift; sourceTree = "<group>"; };
		CB8268A82076991100DDC995 /* SettingsViewController.swift */ = {isa = PBXFileReference; lastKnownFileType = sourcecode.swift; path = SettingsViewController.swift; sourceTree = "<group>"; };
		CB8268AA2076993500DDC995 /* SettingsViewInput.swift */ = {isa = PBXFileReference; lastKnownFileType = sourcecode.swift; path = SettingsViewInput.swift; sourceTree = "<group>"; };
		CB8268AC2076994A00DDC995 /* SettingsViewOutput.swift */ = {isa = PBXFileReference; lastKnownFileType = sourcecode.swift; path = SettingsViewOutput.swift; sourceTree = "<group>"; };
		CB8268AE2076996300DDC995 /* SettingsPresenter.swift */ = {isa = PBXFileReference; lastKnownFileType = sourcecode.swift; path = SettingsPresenter.swift; sourceTree = "<group>"; };
		CB8268B02076997600DDC995 /* SettingsInteractor.swift */ = {isa = PBXFileReference; lastKnownFileType = sourcecode.swift; path = SettingsInteractor.swift; sourceTree = "<group>"; };
		CB8268B22076998D00DDC995 /* SettingsInteractorInput.swift */ = {isa = PBXFileReference; lastKnownFileType = sourcecode.swift; path = SettingsInteractorInput.swift; sourceTree = "<group>"; };
		CB8268B4207699A600DDC995 /* SettingsInteractorOutput.swift */ = {isa = PBXFileReference; lastKnownFileType = sourcecode.swift; path = SettingsInteractorOutput.swift; sourceTree = "<group>"; };
		CB8268B6207699B900DDC995 /* SettingsRouter.swift */ = {isa = PBXFileReference; lastKnownFileType = sourcecode.swift; path = SettingsRouter.swift; sourceTree = "<group>"; };
		CB8268B8207699CA00DDC995 /* SettingsRouterInput.swift */ = {isa = PBXFileReference; lastKnownFileType = sourcecode.swift; path = SettingsRouterInput.swift; sourceTree = "<group>"; };
		CB8268BB207699E100DDC995 /* SettingsConfigurator.swift */ = {isa = PBXFileReference; lastKnownFileType = sourcecode.swift; path = SettingsConfigurator.swift; sourceTree = "<group>"; };
		CB8268BD20769A0900DDC995 /* SettingsInitializer.swift */ = {isa = PBXFileReference; lastKnownFileType = sourcecode.swift; path = SettingsInitializer.swift; sourceTree = "<group>"; };
		CB8268E62076C61800DDC995 /* MediaTypeViewController.swift */ = {isa = PBXFileReference; lastKnownFileType = sourcecode.swift; path = MediaTypeViewController.swift; sourceTree = "<group>"; };
		CB8268E82076C66C00DDC995 /* MediaTypeViewInput.swift */ = {isa = PBXFileReference; lastKnownFileType = sourcecode.swift; path = MediaTypeViewInput.swift; sourceTree = "<group>"; };
		CB8268EA2076C68500DDC995 /* MediaTypeViewOutput.swift */ = {isa = PBXFileReference; lastKnownFileType = sourcecode.swift; path = MediaTypeViewOutput.swift; sourceTree = "<group>"; };
		CB8268EC2076C8B600DDC995 /* MediaTypePresenter.swift */ = {isa = PBXFileReference; lastKnownFileType = sourcecode.swift; path = MediaTypePresenter.swift; sourceTree = "<group>"; };
		CB8268EE2076C8F300DDC995 /* MediaTypeInteractor.swift */ = {isa = PBXFileReference; lastKnownFileType = sourcecode.swift; path = MediaTypeInteractor.swift; sourceTree = "<group>"; };
		CB8268F02076C90700DDC995 /* MediaTypeInteractorInput.swift */ = {isa = PBXFileReference; lastKnownFileType = sourcecode.swift; path = MediaTypeInteractorInput.swift; sourceTree = "<group>"; };
		CB8268F22076C92800DDC995 /* MediaTypeInteractorOutput.swift */ = {isa = PBXFileReference; lastKnownFileType = sourcecode.swift; path = MediaTypeInteractorOutput.swift; sourceTree = "<group>"; };
		CB8268F52076C9C200DDC995 /* MediaTypeRouter.swift */ = {isa = PBXFileReference; lastKnownFileType = sourcecode.swift; path = MediaTypeRouter.swift; sourceTree = "<group>"; };
		CB8268F72076C9D900DDC995 /* MediaTypeRouterInput.swift */ = {isa = PBXFileReference; lastKnownFileType = sourcecode.swift; path = MediaTypeRouterInput.swift; sourceTree = "<group>"; };
		CB8268F92076CD0B00DDC995 /* MediaTypeInitializer.swift */ = {isa = PBXFileReference; lastKnownFileType = sourcecode.swift; path = MediaTypeInitializer.swift; sourceTree = "<group>"; };
		CB8268FB2076CD6A00DDC995 /* MediaTypeConfigurator.swift */ = {isa = PBXFileReference; lastKnownFileType = sourcecode.swift; path = MediaTypeConfigurator.swift; sourceTree = "<group>"; };
		CB8268FD2076D30800DDC995 /* MediaTypes.swift */ = {isa = PBXFileReference; lastKnownFileType = sourcecode.swift; path = MediaTypes.swift; sourceTree = "<group>"; };
/* End PBXFileReference section */

/* Begin PBXFrameworksBuildPhase section */
		7CCD585220761C0E00AD3566 /* Frameworks */ = {
			isa = PBXFrameworksBuildPhase;
			buildActionMask = 2147483647;
			files = (
			);
			runOnlyForDeploymentPostprocessing = 0;
		};
/* End PBXFrameworksBuildPhase section */

/* Begin PBXGroup section */
		7CCD584C20761C0E00AD3566 = {
			isa = PBXGroup;
			children = (
				7CCD585720761C0E00AD3566 /* ItunesSearchTests */,
				7CCD585620761C0E00AD3566 /* Products */,
			);
			sourceTree = "<group>";
		};
		7CCD585620761C0E00AD3566 /* Products */ = {
			isa = PBXGroup;
			children = (
				7CCD585520761C0E00AD3566 /* ItunesSearchTests.app */,
			);
			name = Products;
			sourceTree = "<group>";
		};
		7CCD585720761C0E00AD3566 /* ItunesSearchTests */ = {
			isa = PBXGroup;
			children = (
				CB8268872076937A00DDC995 /* Classes */,
				CB8268862076936700DDC995 /* Resources */,
			);
			path = ItunesSearchTests;
			sourceTree = "<group>";
		};
		CB8268862076936700DDC995 /* Resources */ = {
			isa = PBXGroup;
			children = (
				7CCD585820761C0E00AD3566 /* AppDelegate.swift */,
				7CCD585C20761C0E00AD3566 /* Main.storyboard */,
				7CCD585F20761C1000AD3566 /* Assets.xcassets */,
				7CCD586120761C1000AD3566 /* LaunchScreen.storyboard */,
				7CCD586420761C1000AD3566 /* Info.plist */,
			);
			path = Resources;
			sourceTree = "<group>";
		};
		CB8268872076937A00DDC995 /* Classes */ = {
			isa = PBXGroup;
			children = (
				CB8268A1207698C400DDC995 /* Modules */,
				CB826888207693C500DDC995 /* Helpers */,
			);
			path = Classes;
			sourceTree = "<group>";
		};
		CB826888207693C500DDC995 /* Helpers */ = {
			isa = PBXGroup;
			children = (
				CB82689C2076945300DDC995 /* AlertsFactory */,
				CB8268972076944D00DDC995 /* EnumResult */,
				CB8268922076944500DDC995 /* ModuleInput */,
				CB82688D2076943600DDC995 /* Storyboard */,
			);
			path = Helpers;
			sourceTree = "<group>";
		};
		CB82688D2076943600DDC995 /* Storyboard */ = {
			isa = PBXGroup;
			children = (
				CB82688E2076943600DDC995 /* Storyboards.swift */,
				CB82688F2076943600DDC995 /* ReusableView.swift */,
			);
			path = Storyboard;
			sourceTree = "<group>";
		};
		CB8268922076944500DDC995 /* ModuleInput */ = {
			isa = PBXGroup;
			children = (
				CB8268932076944500DDC995 /* ModuleInput.swift */,
				CB8268942076944500DDC995 /* ModuleInputHolder.swift */,
			);
			path = ModuleInput;
			sourceTree = "<group>";
		};
		CB8268972076944D00DDC995 /* EnumResult */ = {
			isa = PBXGroup;
			children = (
				CB8268982076944D00DDC995 /* ArrayResult.swift */,
				CB8268992076944D00DDC995 /* Result.swift */,
			);
			path = EnumResult;
			sourceTree = "<group>";
		};
		CB82689C2076945300DDC995 /* AlertsFactory */ = {
			isa = PBXGroup;
			children = (
				CB82689D2076945300DDC995 /* CommonAlertsFactoryImpl.swift */,
				CB82689E2076945300DDC995 /* CommonAlertsFactory.swift */,
			);
			path = AlertsFactory;
			sourceTree = "<group>";
		};
		CB8268A1207698C400DDC995 /* Modules */ = {
			isa = PBXGroup;
			children = (
				CB8268E02076C59E00DDC995 /* MediaType */,
				CB8268A2207698D600DDC995 /* Settings */,
			);
			path = Modules;
			sourceTree = "<group>";
		};
		CB8268A2207698D600DDC995 /* Settings */ = {
			isa = PBXGroup;
			children = (
				CB8268A7207698EF00DDC995 /* Configurator */,
				CB8268A6207698EB00DDC995 /* Router */,
				CB8268A5207698E500DDC995 /* Interactor */,
				CB8268A4207698E100DDC995 /* Presenter */,
				CB8268A3207698DD00DDC995 /* View */,
			);
			path = Settings;
			sourceTree = "<group>";
		};
		CB8268A3207698DD00DDC995 /* View */ = {
			isa = PBXGroup;
			children = (
				CB8268A82076991100DDC995 /* SettingsViewController.swift */,
				CB8268AA2076993500DDC995 /* SettingsViewInput.swift */,
				CB8268AC2076994A00DDC995 /* SettingsViewOutput.swift */,
			);
			path = View;
			sourceTree = "<group>";
		};
		CB8268A4207698E100DDC995 /* Presenter */ = {
			isa = PBXGroup;
			children = (
				CB8268AE2076996300DDC995 /* SettingsPresenter.swift */,
			);
			path = Presenter;
			sourceTree = "<group>";
		};
		CB8268A5207698E500DDC995 /* Interactor */ = {
			isa = PBXGroup;
			children = (
				CB8268B02076997600DDC995 /* SettingsInteractor.swift */,
				CB8268B22076998D00DDC995 /* SettingsInteractorInput.swift */,
				CB8268B4207699A600DDC995 /* SettingsInteractorOutput.swift */,
			);
			path = Interactor;
			sourceTree = "<group>";
		};
		CB8268A6207698EB00DDC995 /* Router */ = {
			isa = PBXGroup;
			children = (
				CB8268B6207699B900DDC995 /* SettingsRouter.swift */,
				CB8268B8207699CA00DDC995 /* SettingsRouterInput.swift */,
			);
			path = Router;
			sourceTree = "<group>";
		};
		CB8268A7207698EF00DDC995 /* Configurator */ = {
			isa = PBXGroup;
			children = (
				CB8268BB207699E100DDC995 /* SettingsConfigurator.swift */,
				CB8268BD20769A0900DDC995 /* SettingsInitializer.swift */,
			);
			path = Configurator;
			sourceTree = "<group>";
		};
		CB8268E02076C59E00DDC995 /* MediaType */ = {
			isa = PBXGroup;
			children = (
				CB8268F42076C9B700DDC995 /* Router */,
				CB8268E52076C5E200DDC995 /* Entity */,
				CB8268E32076C5CB00DDC995 /* Configurator */,
				CB8268E42076C5DC00DDC995 /* Interactor */,
				CB8268E22076C5C400DDC995 /* Presenter */,
				CB8268E12076C5B600DDC995 /* View */,
			);
			path = MediaType;
			sourceTree = "<group>";
		};
		CB8268E12076C5B600DDC995 /* View */ = {
			isa = PBXGroup;
			children = (
				CB8268E62076C61800DDC995 /* MediaTypeViewController.swift */,
				CB8268E82076C66C00DDC995 /* MediaTypeViewInput.swift */,
				CB8268EA2076C68500DDC995 /* MediaTypeViewOutput.swift */,
			);
			path = View;
			sourceTree = "<group>";
		};
		CB8268E22076C5C400DDC995 /* Presenter */ = {
			isa = PBXGroup;
			children = (
				CB8268EC2076C8B600DDC995 /* MediaTypePresenter.swift */,
			);
			path = Presenter;
			sourceTree = "<group>";
		};
		CB8268E32076C5CB00DDC995 /* Configurator */ = {
			isa = PBXGroup;
			children = (
				CB8268F92076CD0B00DDC995 /* MediaTypeInitializer.swift */,
				CB8268FB2076CD6A00DDC995 /* MediaTypeConfigurator.swift */,
			);
			path = Configurator;
			sourceTree = "<group>";
		};
		CB8268E42076C5DC00DDC995 /* Interactor */ = {
			isa = PBXGroup;
			children = (
				CB8268EE2076C8F300DDC995 /* MediaTypeInteractor.swift */,
				CB8268F02076C90700DDC995 /* MediaTypeInteractorInput.swift */,
				CB8268F22076C92800DDC995 /* MediaTypeInteractorOutput.swift */,
			);
			path = Interactor;
			sourceTree = "<group>";
		};
		CB8268E52076C5E200DDC995 /* Entity */ = {
			isa = PBXGroup;
			children = (
				CB8268FD2076D30800DDC995 /* MediaTypes.swift */,
			);
			path = Entity;
			sourceTree = "<group>";
		};
		CB8268F42076C9B700DDC995 /* Router */ = {
			isa = PBXGroup;
			children = (
				CB8268F52076C9C200DDC995 /* MediaTypeRouter.swift */,
				CB8268F72076C9D900DDC995 /* MediaTypeRouterInput.swift */,
			);
			path = Router;
			sourceTree = "<group>";
		};
/* End PBXGroup section */

/* Begin PBXNativeTarget section */
		7CCD585420761C0E00AD3566 /* ItunesSearchTests */ = {
			isa = PBXNativeTarget;
			buildConfigurationList = 7CCD586720761C1000AD3566 /* Build configuration list for PBXNativeTarget "ItunesSearchTests" */;
			buildPhases = (
				7CCD585120761C0E00AD3566 /* Sources */,
				7CCD585220761C0E00AD3566 /* Frameworks */,
				7CCD585320761C0E00AD3566 /* Resources */,
			);
			buildRules = (
			);
			dependencies = (
			);
			name = ItunesSearchTests;
			productName = ItunesSearchTests;
			productReference = 7CCD585520761C0E00AD3566 /* ItunesSearchTests.app */;
			productType = "com.apple.product-type.application";
		};
/* End PBXNativeTarget section */

/* Begin PBXProject section */
		7CCD584D20761C0E00AD3566 /* Project object */ = {
			isa = PBXProject;
			attributes = {
				LastSwiftUpdateCheck = 0930;
				LastUpgradeCheck = 0930;
				ORGANIZATIONNAME = iOSLab;
				TargetAttributes = {
					7CCD585420761C0E00AD3566 = {
						CreatedOnToolsVersion = 9.3;
					};
				};
			};
			buildConfigurationList = 7CCD585020761C0E00AD3566 /* Build configuration list for PBXProject "ItunesSearchTests" */;
			compatibilityVersion = "Xcode 9.3";
			developmentRegion = en;
			hasScannedForEncodings = 0;
			knownRegions = (
				en,
				Base,
			);
			mainGroup = 7CCD584C20761C0E00AD3566;
			productRefGroup = 7CCD585620761C0E00AD3566 /* Products */;
			projectDirPath = "";
			projectRoot = "";
			targets = (
				7CCD585420761C0E00AD3566 /* ItunesSearchTests */,
			);
		};
/* End PBXProject section */

/* Begin PBXResourcesBuildPhase section */
		7CCD585320761C0E00AD3566 /* Resources */ = {
			isa = PBXResourcesBuildPhase;
			buildActionMask = 2147483647;
			files = (
				7CCD586320761C1000AD3566 /* LaunchScreen.storyboard in Resources */,
				7CCD586020761C1000AD3566 /* Assets.xcassets in Resources */,
				7CCD585E20761C0E00AD3566 /* Main.storyboard in Resources */,
			);
			runOnlyForDeploymentPostprocessing = 0;
		};
/* End PBXResourcesBuildPhase section */

/* Begin PBXSourcesBuildPhase section */
		7CCD585120761C0E00AD3566 /* Sources */ = {
			isa = PBXSourcesBuildPhase;
			buildActionMask = 2147483647;
			files = (
				CB8268FE2076D30800DDC995 /* MediaTypes.swift in Sources */,
				CB8268AD2076994A00DDC995 /* SettingsViewOutput.swift in Sources */,
				CB8268BE20769A0900DDC995 /* SettingsInitializer.swift in Sources */,
				CB8268A02076945300DDC995 /* CommonAlertsFactory.swift in Sources */,
				CB8268912076943600DDC995 /* ReusableView.swift in Sources */,
				CB8268EF2076C8F300DDC995 /* MediaTypeInteractor.swift in Sources */,
				CB8268FA2076CD0B00DDC995 /* MediaTypeInitializer.swift in Sources */,
				CB8268B12076997600DDC995 /* SettingsInteractor.swift in Sources */,
				CB8268B7207699B900DDC995 /* SettingsRouter.swift in Sources */,
				CB8268F62076C9C200DDC995 /* MediaTypeRouter.swift in Sources */,
				CB8268902076943600DDC995 /* Storyboards.swift in Sources */,
				CB8268F12076C90700DDC995 /* MediaTypeInteractorInput.swift in Sources */,
				CB8268A92076991100DDC995 /* SettingsViewController.swift in Sources */,
				CB8268B5207699A600DDC995 /* SettingsInteractorOutput.swift in Sources */,
				CB8268B9207699CA00DDC995 /* SettingsRouterInput.swift in Sources */,
				CB8268E92076C66C00DDC995 /* MediaTypeViewInput.swift in Sources */,
				CB8268EB2076C68500DDC995 /* MediaTypeViewOutput.swift in Sources */,
				CB8268952076944500DDC995 /* ModuleInput.swift in Sources */,
				CB8268962076944500DDC995 /* ModuleInputHolder.swift in Sources */,
				CB8268F82076C9D900DDC995 /* MediaTypeRouterInput.swift in Sources */,
				CB8268AF2076996300DDC995 /* SettingsPresenter.swift in Sources */,
				CB82689B2076944D00DDC995 /* Result.swift in Sources */,
				CB8268BC207699E100DDC995 /* SettingsConfigurator.swift in Sources */,
				CB8268FC2076CD6A00DDC995 /* MediaTypeConfigurator.swift in Sources */,
				CB82689A2076944D00DDC995 /* ArrayResult.swift in Sources */,
				CB8268F32076C92800DDC995 /* MediaTypeInteractorOutput.swift in Sources */,
				CB8268AB2076993500DDC995 /* SettingsViewInput.swift in Sources */,
				CB82689F2076945300DDC995 /* CommonAlertsFactoryImpl.swift in Sources */,
				CB8268B32076998D00DDC995 /* SettingsInteractorInput.swift in Sources */,
				CB8268ED2076C8B600DDC995 /* MediaTypePresenter.swift in Sources */,
				CB8268E72076C61800DDC995 /* MediaTypeViewController.swift in Sources */,
				7CCD585920761C0E00AD3566 /* AppDelegate.swift in Sources */,
			);
			runOnlyForDeploymentPostprocessing = 0;
		};
/* End PBXSourcesBuildPhase section */

/* Begin PBXVariantGroup section */
		7CCD585C20761C0E00AD3566 /* Main.storyboard */ = {
			isa = PBXVariantGroup;
			children = (
				7CCD585D20761C0E00AD3566 /* Base */,
			);
			name = Main.storyboard;
			sourceTree = "<group>";
		};
		7CCD586120761C1000AD3566 /* LaunchScreen.storyboard */ = {
			isa = PBXVariantGroup;
			children = (
				7CCD586220761C1000AD3566 /* Base */,
			);
			name = LaunchScreen.storyboard;
			sourceTree = "<group>";
		};
/* End PBXVariantGroup section */

/* Begin XCBuildConfiguration section */
		7CCD586520761C1000AD3566 /* Debug */ = {
			isa = XCBuildConfiguration;
			buildSettings = {
				ALWAYS_SEARCH_USER_PATHS = NO;
				CLANG_ANALYZER_NONNULL = YES;
				CLANG_ANALYZER_NUMBER_OBJECT_CONVERSION = YES_AGGRESSIVE;
				CLANG_CXX_LANGUAGE_STANDARD = "gnu++14";
				CLANG_CXX_LIBRARY = "libc++";
				CLANG_ENABLE_MODULES = YES;
				CLANG_ENABLE_OBJC_ARC = YES;
				CLANG_ENABLE_OBJC_WEAK = YES;
				CLANG_WARN_BLOCK_CAPTURE_AUTORELEASING = YES;
				CLANG_WARN_BOOL_CONVERSION = YES;
				CLANG_WARN_COMMA = YES;
				CLANG_WARN_CONSTANT_CONVERSION = YES;
				CLANG_WARN_DEPRECATED_OBJC_IMPLEMENTATIONS = YES;
				CLANG_WARN_DIRECT_OBJC_ISA_USAGE = YES_ERROR;
				CLANG_WARN_DOCUMENTATION_COMMENTS = YES;
				CLANG_WARN_EMPTY_BODY = YES;
				CLANG_WARN_ENUM_CONVERSION = YES;
				CLANG_WARN_INFINITE_RECURSION = YES;
				CLANG_WARN_INT_CONVERSION = YES;
				CLANG_WARN_NON_LITERAL_NULL_CONVERSION = YES;
				CLANG_WARN_OBJC_IMPLICIT_RETAIN_SELF = YES;
				CLANG_WARN_OBJC_LITERAL_CONVERSION = YES;
				CLANG_WARN_OBJC_ROOT_CLASS = YES_ERROR;
				CLANG_WARN_RANGE_LOOP_ANALYSIS = YES;
				CLANG_WARN_STRICT_PROTOTYPES = YES;
				CLANG_WARN_SUSPICIOUS_MOVE = YES;
				CLANG_WARN_UNGUARDED_AVAILABILITY = YES_AGGRESSIVE;
				CLANG_WARN_UNREACHABLE_CODE = YES;
				CLANG_WARN__DUPLICATE_METHOD_MATCH = YES;
				CODE_SIGN_IDENTITY = "iPhone Developer";
				COPY_PHASE_STRIP = NO;
				DEBUG_INFORMATION_FORMAT = dwarf;
				ENABLE_STRICT_OBJC_MSGSEND = YES;
				ENABLE_TESTABILITY = YES;
				GCC_C_LANGUAGE_STANDARD = gnu11;
				GCC_DYNAMIC_NO_PIC = NO;
				GCC_NO_COMMON_BLOCKS = YES;
				GCC_OPTIMIZATION_LEVEL = 0;
				GCC_PREPROCESSOR_DEFINITIONS = (
					"DEBUG=1",
					"$(inherited)",
				);
				GCC_WARN_64_TO_32_BIT_CONVERSION = YES;
				GCC_WARN_ABOUT_RETURN_TYPE = YES_ERROR;
				GCC_WARN_UNDECLARED_SELECTOR = YES;
				GCC_WARN_UNINITIALIZED_AUTOS = YES_AGGRESSIVE;
				GCC_WARN_UNUSED_FUNCTION = YES;
				GCC_WARN_UNUSED_VARIABLE = YES;
				IPHONEOS_DEPLOYMENT_TARGET = 11.3;
				MTL_ENABLE_DEBUG_INFO = YES;
				ONLY_ACTIVE_ARCH = YES;
				SDKROOT = iphoneos;
				SWIFT_ACTIVE_COMPILATION_CONDITIONS = DEBUG;
				SWIFT_OPTIMIZATION_LEVEL = "-Onone";
			};
			name = Debug;
		};
		7CCD586620761C1000AD3566 /* Release */ = {
			isa = XCBuildConfiguration;
			buildSettings = {
				ALWAYS_SEARCH_USER_PATHS = NO;
				CLANG_ANALYZER_NONNULL = YES;
				CLANG_ANALYZER_NUMBER_OBJECT_CONVERSION = YES_AGGRESSIVE;
				CLANG_CXX_LANGUAGE_STANDARD = "gnu++14";
				CLANG_CXX_LIBRARY = "libc++";
				CLANG_ENABLE_MODULES = YES;
				CLANG_ENABLE_OBJC_ARC = YES;
				CLANG_ENABLE_OBJC_WEAK = YES;
				CLANG_WARN_BLOCK_CAPTURE_AUTORELEASING = YES;
				CLANG_WARN_BOOL_CONVERSION = YES;
				CLANG_WARN_COMMA = YES;
				CLANG_WARN_CONSTANT_CONVERSION = YES;
				CLANG_WARN_DEPRECATED_OBJC_IMPLEMENTATIONS = YES;
				CLANG_WARN_DIRECT_OBJC_ISA_USAGE = YES_ERROR;
				CLANG_WARN_DOCUMENTATION_COMMENTS = YES;
				CLANG_WARN_EMPTY_BODY = YES;
				CLANG_WARN_ENUM_CONVERSION = YES;
				CLANG_WARN_INFINITE_RECURSION = YES;
				CLANG_WARN_INT_CONVERSION = YES;
				CLANG_WARN_NON_LITERAL_NULL_CONVERSION = YES;
				CLANG_WARN_OBJC_IMPLICIT_RETAIN_SELF = YES;
				CLANG_WARN_OBJC_LITERAL_CONVERSION = YES;
				CLANG_WARN_OBJC_ROOT_CLASS = YES_ERROR;
				CLANG_WARN_RANGE_LOOP_ANALYSIS = YES;
				CLANG_WARN_STRICT_PROTOTYPES = YES;
				CLANG_WARN_SUSPICIOUS_MOVE = YES;
				CLANG_WARN_UNGUARDED_AVAILABILITY = YES_AGGRESSIVE;
				CLANG_WARN_UNREACHABLE_CODE = YES;
				CLANG_WARN__DUPLICATE_METHOD_MATCH = YES;
				CODE_SIGN_IDENTITY = "iPhone Developer";
				COPY_PHASE_STRIP = NO;
				DEBUG_INFORMATION_FORMAT = "dwarf-with-dsym";
				ENABLE_NS_ASSERTIONS = NO;
				ENABLE_STRICT_OBJC_MSGSEND = YES;
				GCC_C_LANGUAGE_STANDARD = gnu11;
				GCC_NO_COMMON_BLOCKS = YES;
				GCC_WARN_64_TO_32_BIT_CONVERSION = YES;
				GCC_WARN_ABOUT_RETURN_TYPE = YES_ERROR;
				GCC_WARN_UNDECLARED_SELECTOR = YES;
				GCC_WARN_UNINITIALIZED_AUTOS = YES_AGGRESSIVE;
				GCC_WARN_UNUSED_FUNCTION = YES;
				GCC_WARN_UNUSED_VARIABLE = YES;
				IPHONEOS_DEPLOYMENT_TARGET = 11.3;
				MTL_ENABLE_DEBUG_INFO = NO;
				SDKROOT = iphoneos;
				SWIFT_COMPILATION_MODE = wholemodule;
				SWIFT_OPTIMIZATION_LEVEL = "-O";
				VALIDATE_PRODUCT = YES;
			};
			name = Release;
		};
		7CCD586820761C1000AD3566 /* Debug */ = {
			isa = XCBuildConfiguration;
			buildSettings = {
				ASSETCATALOG_COMPILER_APPICON_NAME = AppIcon;
				CODE_SIGN_STYLE = Automatic;
				DEVELOPMENT_TEAM = 33NC89QWWR;
				INFOPLIST_FILE = "$(SRCROOT)/ItunesSearchTests/Resources/Info.plist";
				LD_RUNPATH_SEARCH_PATHS = (
					"$(inherited)",
					"@executable_path/Frameworks",
				);
				PRODUCT_BUNDLE_IDENTIFIER = iOSLab.ItunesSearchTests;
				PRODUCT_NAME = "$(TARGET_NAME)";
				SWIFT_VERSION = 4.0;
				TARGETED_DEVICE_FAMILY = "1,2";
			};
			name = Debug;
		};
		7CCD586920761C1000AD3566 /* Release */ = {
			isa = XCBuildConfiguration;
			buildSettings = {
				ASSETCATALOG_COMPILER_APPICON_NAME = AppIcon;
				CODE_SIGN_STYLE = Automatic;
				DEVELOPMENT_TEAM = 33NC89QWWR;
				INFOPLIST_FILE = "$(SRCROOT)/ItunesSearchTests/Resources/Info.plist";
				LD_RUNPATH_SEARCH_PATHS = (
					"$(inherited)",
					"@executable_path/Frameworks",
				);
				PRODUCT_BUNDLE_IDENTIFIER = iOSLab.ItunesSearchTests;
				PRODUCT_NAME = "$(TARGET_NAME)";
				SWIFT_VERSION = 4.0;
				TARGETED_DEVICE_FAMILY = "1,2";
			};
			name = Release;
		};
/* End XCBuildConfiguration section */

/* Begin XCConfigurationList section */
		7CCD585020761C0E00AD3566 /* Build configuration list for PBXProject "ItunesSearchTests" */ = {
			isa = XCConfigurationList;
			buildConfigurations = (
				7CCD586520761C1000AD3566 /* Debug */,
				7CCD586620761C1000AD3566 /* Release */,
			);
			defaultConfigurationIsVisible = 0;
			defaultConfigurationName = Release;
		};
		7CCD586720761C1000AD3566 /* Build configuration list for PBXNativeTarget "ItunesSearchTests" */ = {
			isa = XCConfigurationList;
			buildConfigurations = (
				7CCD586820761C1000AD3566 /* Debug */,
				7CCD586920761C1000AD3566 /* Release */,
			);
			defaultConfigurationIsVisible = 0;
			defaultConfigurationName = Release;
		};
/* End XCConfigurationList section */
	};
	rootObject = 7CCD584D20761C0E00AD3566 /* Project object */;
}
